
Microsoft Visual Studio Solution File, Format Version 12.00
# Visual Studio Version 16
VisualStudioVersion = 16.0.29905.134
MinimumVisualStudioVersion = 10.0.40219.1
Project("{FAE04EC0-301F-11D3-BF4B-00C04F79EFBC}") = "Databas_VictorSmith_C-sharp", "Databas_VictorSmith_C-sharp\Databas_VictorSmith_C-sharp.csproj", "{61A956D7-EB82-44EE-8E80-7E398CC07317}"
EndProject
Global
	GlobalSection(SolutionConfigurationPlatforms) = preSolution
		Debug|Any CPU = Debug|Any CPU
		Release|Any CPU = Release|Any CPU
	EndGlobalSection
	GlobalSection(ProjectConfigurationPlatforms) = postSolution
		{61A956D7-EB82-44EE-8E80-7E398CC07317}.Debug|Any CPU.ActiveCfg = Debug|Any CPU
		{61A956D7-EB82-44EE-8E80-7E398CC07317}.Debug|Any CPU.Build.0 = Debug|Any CPU
		{61A956D7-EB82-44EE-8E80-7E398CC07317}.Release|Any CPU.ActiveCfg = Release|Any CPU
		{61A956D7-EB82-44EE-8E80-7E398CC07317}.Release|Any CPU.Build.0 = Release|Any CPU
	EndGlobalSection
	GlobalSection(SolutionProperties) = preSolution
		HideSolutionNode = FALSE
	EndGlobalSection
	GlobalSection(ExtensibilityGlobals) = postSolution
		SolutionGuid = {5C84861C-3771-41A1-A917-D831B7754664}
	EndGlobalSection
EndGlobal
